
Microsoft Visual Studio Solution File, Format Version 12.00
# Visual Studio Version 17
VisualStudioVersion = 17.11.35222.181
MinimumVisualStudioVersion = 10.0.40219.1
Project("{FAE04EC0-301F-11D3-BF4B-00C04F79EFBC}") = "ConsoleApp", "ConsoleApp\ConsoleApp.csproj", "{CDEED834-3F74-4B3B-A82C-3F9B92F79A78}"
EndProject
Global
	GlobalSection(SolutionConfigurationPlatforms) = preSolution
		Debug|Any CPU = Debug|Any CPU
		Release|Any CPU = Release|Any CPU
	EndGlobalSection
	GlobalSection(ProjectConfigurationPlatforms) = postSolution
		{CDEED834-3F74-4B3B-A82C-3F9B92F79A78}.Debug|Any CPU.ActiveCfg = Debug|Any CPU
		{CDEED834-3F74-4B3B-A82C-3F9B92F79A78}.Debug|Any CPU.Build.0 = Debug|Any CPU
		{CDEED834-3F74-4B3B-A82C-3F9B92F79A78}.Release|Any CPU.ActiveCfg = Release|Any CPU
		{CDEED834-3F74-4B3B-A82C-3F9B92F79A78}.Release|Any CPU.Build.0 = Release|Any CPU
	EndGlobalSection
	GlobalSection(SolutionProperties) = preSolution
		HideSolutionNode = FALSE
	EndGlobalSection
	GlobalSection(ExtensibilityGlobals) = postSolution
		SolutionGuid = {59D1B08B-69D6-4D09-8F5A-D0607F5C3D62}
	EndGlobalSection
EndGlobal
